
Microsoft Visual Studio Solution File, Format Version 12.00
# Visual Studio Version 17
VisualStudioVersion = 17.1.32228.430
MinimumVisualStudioVersion = 10.0.40219.1
Project("{FAE04EC0-301F-11D3-BF4B-00C04F79EFBC}") = "HORZSOCD_Feleves_Feladat_SZTF2", "HORZSOCD_Feleves_Feladat_SZTF2\HORZSOCD_Feleves_Feladat_SZTF2.csproj", "{311DC24E-5B0D-40FE-BA06-B5CCA116FBE9}"
EndProject
Global
	GlobalSection(SolutionConfigurationPlatforms) = preSolution
		Debug|Any CPU = Debug|Any CPU
		Release|Any CPU = Release|Any CPU
	EndGlobalSection
	GlobalSection(ProjectConfigurationPlatforms) = postSolution
		{311DC24E-5B0D-40FE-BA06-B5CCA116FBE9}.Debug|Any CPU.ActiveCfg = Debug|Any CPU
		{311DC24E-5B0D-40FE-BA06-B5CCA116FBE9}.Debug|Any CPU.Build.0 = Debug|Any CPU
		{311DC24E-5B0D-40FE-BA06-B5CCA116FBE9}.Release|Any CPU.ActiveCfg = Release|Any CPU
		{311DC24E-5B0D-40FE-BA06-B5CCA116FBE9}.Release|Any CPU.Build.0 = Release|Any CPU
	EndGlobalSection
	GlobalSection(SolutionProperties) = preSolution
		HideSolutionNode = FALSE
	EndGlobalSection
	GlobalSection(ExtensibilityGlobals) = postSolution
		SolutionGuid = {52E2F1E0-252D-4C8E-87F8-E69615797793}
	EndGlobalSection
EndGlobal
